
Microsoft Visual Studio Solution File, Format Version 12.00
# Visual Studio Version 17
VisualStudioVersion = 17.10.35013.160
MinimumVisualStudioVersion = 10.0.40219.1
Project("{FAE04EC0-301F-11D3-BF4B-00C04F79EFBC}") = "Example01", "Example01\Example01.csproj", "{2F95F2C5-7DE4-43EC-ABEB-2EEDEDB4C4F2}"
EndProject
Global
	GlobalSection(SolutionConfigurationPlatforms) = preSolution
		Debug|Any CPU = Debug|Any CPU
		Release|Any CPU = Release|Any CPU
	EndGlobalSection
	GlobalSection(ProjectConfigurationPlatforms) = postSolution
		{2F95F2C5-7DE4-43EC-ABEB-2EEDEDB4C4F2}.Debug|Any CPU.ActiveCfg = Debug|Any CPU
		{2F95F2C5-7DE4-43EC-ABEB-2EEDEDB4C4F2}.Debug|Any CPU.Build.0 = Debug|Any CPU
		{2F95F2C5-7DE4-43EC-ABEB-2EEDEDB4C4F2}.Release|Any CPU.ActiveCfg = Release|Any CPU
		{2F95F2C5-7DE4-43EC-ABEB-2EEDEDB4C4F2}.Release|Any CPU.Build.0 = Release|Any CPU
	EndGlobalSection
	GlobalSection(SolutionProperties) = preSolution
		HideSolutionNode = FALSE
	EndGlobalSection
	GlobalSection(ExtensibilityGlobals) = postSolution
		SolutionGuid = {F3947AEE-0A75-4DD4-AD93-FACA989C3550}
	EndGlobalSection
EndGlobal
